// !$*UTF8*$!
{
	archiveVersion = 1;
	classes = {
	};
	objectVersion = 46;
	objects = {

/* Begin PBXBuildFile section */
		22AA0AAE1ACA173700816D4B /* NOTES-UI Application in Resources */ = {isa = PBXBuildFile; fileRef = 22AA0AAD1ACA173700816D4B /* NOTES-UI Application */; };
		22CD0C701AC5E4F60071768B /* main.m in Sources */ = {isa = PBXBuildFile; fileRef = 22CD0C6F1AC5E4F60071768B /* main.m */; };
		22CD0C731AC5E4F60071768B /* AppDelegate.m in Sources */ = {isa = PBXBuildFile; fileRef = 22CD0C721AC5E4F60071768B /* AppDelegate.m */; };
		22CD0C761AC5E4F60071768B /* ViewController.m in Sources */ = {isa = PBXBuildFile; fileRef = 22CD0C751AC5E4F60071768B /* ViewController.m */; };
		22CD0C7B1AC5E4F60071768B /* Images.xcassets in Resources */ = {isa = PBXBuildFile; fileRef = 22CD0C7A1AC5E4F60071768B /* Images.xcassets */; };
		22CD0C8A1AC5E4F60071768B /* BlocBrowserTests.m in Sources */ = {isa = PBXBuildFile; fileRef = 22CD0C891AC5E4F60071768B /* BlocBrowserTests.m */; };
		22CD0C951AC5E6400071768B /* BLCWebBrowserViewController.m in Sources */ = {isa = PBXBuildFile; fileRef = 22CD0C941AC5E6400071768B /* BLCWebBrowserViewController.m */; };
		22D8F7FF1AC80C060062EC24 /* NOTES in Resources */ = {isa = PBXBuildFile; fileRef = 22D8F7FE1AC80C060062EC24 /* NOTES */; };
/* End PBXBuildFile section */

/* Begin PBXContainerItemProxy section */
		22CD0C841AC5E4F60071768B /* PBXContainerItemProxy */ = {
			isa = PBXContainerItemProxy;
			containerPortal = 22CD0C621AC5E4F60071768B /* Project object */;
			proxyType = 1;
			remoteGlobalIDString = 22CD0C691AC5E4F60071768B;
			remoteInfo = BlocBrowser;
		};
/* End PBXContainerItemProxy section */

/* Begin PBXFileReference section */
		22AA0AAD1ACA173700816D4B /* NOTES-UI Application */ = {isa = PBXFileReference; fileEncoding = 4; lastKnownFileType = text; path = "NOTES-UI Application"; sourceTree = "<group>"; };
		22CD0C6A1AC5E4F60071768B /* BlocBrowser.app */ = {isa = PBXFileReference; explicitFileType = wrapper.application; includeInIndex = 0; path = BlocBrowser.app; sourceTree = BUILT_PRODUCTS_DIR; };
		22CD0C6E1AC5E4F60071768B /* Info.plist */ = {isa = PBXFileReference; lastKnownFileType = text.plist.xml; path = Info.plist; sourceTree = "<group>"; };
		22CD0C6F1AC5E4F60071768B /* main.m */ = {isa = PBXFileReference; lastKnownFileType = sourcecode.c.objc; path = main.m; sourceTree = "<group>"; };
		22CD0C711AC5E4F60071768B /* AppDelegate.h */ = {isa = PBXFileReference; lastKnownFileType = sourcecode.c.h; path = AppDelegate.h; sourceTree = "<group>"; };
		22CD0C721AC5E4F60071768B /* AppDelegate.m */ = {isa = PBXFileReference; lastKnownFileType = sourcecode.c.objc; path = AppDelegate.m; sourceTree = "<group>"; };
		22CD0C741AC5E4F60071768B /* ViewController.h */ = {isa = PBXFileReference; lastKnownFileType = sourcecode.c.h; path = ViewController.h; sourceTree = "<group>"; };
		22CD0C751AC5E4F60071768B /* ViewController.m */ = {isa = PBXFileReference; lastKnownFileType = sourcecode.c.objc; path = ViewController.m; sourceTree = "<group>"; };
		22CD0C7A1AC5E4F60071768B /* Images.xcassets */ = {isa = PBXFileReference; lastKnownFileType = folder.assetcatalog; path = Images.xcassets; sourceTree = "<group>"; };
		22CD0C831AC5E4F60071768B /* BlocBrowserTests.xctest */ = {isa = PBXFileReference; explicitFileType = wrapper.cfbundle; includeInIndex = 0; path = BlocBrowserTests.xctest; sourceTree = BUILT_PRODUCTS_DIR; };
		22CD0C881AC5E4F60071768B /* Info.plist */ = {isa = PBXFileReference; lastKnownFileType = text.plist.xml; path = Info.plist; sourceTree = "<group>"; };
		22CD0C891AC5E4F60071768B /* BlocBrowserTests.m */ = {isa = PBXFileReference; lastKnownFileType = sourcecode.c.objc; path = BlocBrowserTests.m; sourceTree = "<group>"; };
		22CD0C931AC5E6400071768B /* BLCWebBrowserViewController.h */ = {isa = PBXFileReference; fileEncoding = 4; lastKnownFileType = sourcecode.c.h; path = BLCWebBrowserViewController.h; sourceTree = "<group>"; };
		22CD0C941AC5E6400071768B /* BLCWebBrowserViewController.m */ = {isa = PBXFileReference; fileEncoding = 4; lastKnownFileType = sourcecode.c.objc; path = BLCWebBrowserViewController.m; sourceTree = "<group>"; };
		22D8F7FE1AC80C060062EC24 /* NOTES */ = {isa = PBXFileReference; fileEncoding = 4; lastKnownFileType = text; path = NOTES; sourceTree = "<group>"; };
/* End PBXFileReference section */

/* Begin PBXFrameworksBuildPhase section */
		22CD0C671AC5E4F60071768B /* Frameworks */ = {
			isa = PBXFrameworksBuildPhase;
			buildActionMask = 2147483647;
			files = (
			);
			runOnlyForDeploymentPostprocessing = 0;
		};
		22CD0C801AC5E4F60071768B /* Frameworks */ = {
			isa = PBXFrameworksBuildPhase;
			buildActionMask = 2147483647;
			files = (
			);
			runOnlyForDeploymentPostprocessing = 0;
		};
/* End PBXFrameworksBuildPhase section */

/* Begin PBXGroup section */
		22CD0C611AC5E4F60071768B = {
			isa = PBXGroup;
			children = (
				22CD0C6C1AC5E4F60071768B /* BlocBrowser */,
				22CD0C861AC5E4F60071768B /* BlocBrowserTests */,
				22CD0C6B1AC5E4F60071768B /* Products */,
			);
			sourceTree = "<group>";
		};
		22CD0C6B1AC5E4F60071768B /* Products */ = {
			isa = PBXGroup;
			children = (
				22CD0C6A1AC5E4F60071768B /* BlocBrowser.app */,
				22CD0C831AC5E4F60071768B /* BlocBrowserTests.xctest */,
			);
			name = Products;
			sourceTree = "<group>";
		};
		22CD0C6C1AC5E4F60071768B /* BlocBrowser */ = {
			isa = PBXGroup;
			children = (
				22CD0C711AC5E4F60071768B /* AppDelegate.h */,
				22CD0C721AC5E4F60071768B /* AppDelegate.m */,
				22CD0C931AC5E6400071768B /* BLCWebBrowserViewController.h */,
				22CD0C941AC5E6400071768B /* BLCWebBrowserViewController.m */,
				22D8F7FE1AC80C060062EC24 /* NOTES */,
				22AA0AAD1ACA173700816D4B /* NOTES-UI Application */,
				22CD0C741AC5E4F60071768B /* ViewController.h */,
				22CD0C751AC5E4F60071768B /* ViewController.m */,
				22CD0C7A1AC5E4F60071768B /* Images.xcassets */,
				22CD0C6D1AC5E4F60071768B /* Supporting Files */,
			);
			path = BlocBrowser;
			sourceTree = "<group>";
		};
		22CD0C6D1AC5E4F60071768B /* Supporting Files */ = {
			isa = PBXGroup;
			children = (
				22CD0C6E1AC5E4F60071768B /* Info.plist */,
				22CD0C6F1AC5E4F60071768B /* main.m */,
			);
			name = "Supporting Files";
			sourceTree = "<group>";
		};
		22CD0C861AC5E4F60071768B /* BlocBrowserTests */ = {
			isa = PBXGroup;
			children = (
				22CD0C891AC5E4F60071768B /* BlocBrowserTests.m */,
				22CD0C871AC5E4F60071768B /* Supporting Files */,
			);
			path = BlocBrowserTests;
			sourceTree = "<group>";
		};
		22CD0C871AC5E4F60071768B /* Supporting Files */ = {
			isa = PBXGroup;
			children = (
				22CD0C881AC5E4F60071768B /* Info.plist */,
			);
			name = "Supporting Files";
			sourceTree = "<group>";
		};
/* End PBXGroup section */

/* Begin PBXNativeTarget section */
		22CD0C691AC5E4F60071768B /* BlocBrowser */ = {
			isa = PBXNativeTarget;
			buildConfigurationList = 22CD0C8D1AC5E4F60071768B /* Build configuration list for PBXNativeTarget "BlocBrowser" */;
			buildPhases = (
				22CD0C661AC5E4F60071768B /* Sources */,
				22CD0C671AC5E4F60071768B /* Frameworks */,
				22CD0C681AC5E4F60071768B /* Resources */,
			);
			buildRules = (
			);
			dependencies = (
			);
			name = BlocBrowser;
			productName = BlocBrowser;
			productReference = 22CD0C6A1AC5E4F60071768B /* BlocBrowser.app */;
			productType = "com.apple.product-type.application";
		};
		22CD0C821AC5E4F60071768B /* BlocBrowserTests */ = {
			isa = PBXNativeTarget;
			buildConfigurationList = 22CD0C901AC5E4F60071768B /* Build configuration list for PBXNativeTarget "BlocBrowserTests" */;
			buildPhases = (
				22CD0C7F1AC5E4F60071768B /* Sources */,
				22CD0C801AC5E4F60071768B /* Frameworks */,
				22CD0C811AC5E4F60071768B /* Resources */,
			);
			buildRules = (
			);
			dependencies = (
				22CD0C851AC5E4F60071768B /* PBXTargetDependency */,
			);
			name = BlocBrowserTests;
			productName = BlocBrowserTests;
			productReference = 22CD0C831AC5E4F60071768B /* BlocBrowserTests.xctest */;
			productType = "com.apple.product-type.bundle.unit-test";
		};
/* End PBXNativeTarget section */

/* Begin PBXProject section */
		22CD0C621AC5E4F60071768B /* Project object */ = {
			isa = PBXProject;
			attributes = {
				LastUpgradeCheck = 0620;
				ORGANIZATIONNAME = "Tim Pryor";
				TargetAttributes = {
					22CD0C691AC5E4F60071768B = {
						CreatedOnToolsVersion = 6.2;
					};
					22CD0C821AC5E4F60071768B = {
						CreatedOnToolsVersion = 6.2;
						TestTargetID = 22CD0C691AC5E4F60071768B;
					};
				};
			};
			buildConfigurationList = 22CD0C651AC5E4F60071768B /* Build configuration list for PBXProject "BlocBrowser" */;
			compatibilityVersion = "Xcode 3.2";
			developmentRegion = English;
			hasScannedForEncodings = 0;
			knownRegions = (
				en,
				Base,
			);
			mainGroup = 22CD0C611AC5E4F60071768B;
			productRefGroup = 22CD0C6B1AC5E4F60071768B /* Products */;
			projectDirPath = "";
			projectRoot = "";
			targets = (
				22CD0C691AC5E4F60071768B /* BlocBrowser */,
				22CD0C821AC5E4F60071768B /* BlocBrowserTests */,
			);
		};
/* End PBXProject section */

/* Begin PBXResourcesBuildPhase section */
		22CD0C681AC5E4F60071768B /* Resources */ = {
			isa = PBXResourcesBuildPhase;
			buildActionMask = 2147483647;
			files = (
				22D8F7FF1AC80C060062EC24 /* NOTES in Resources */,
				22AA0AAE1ACA173700816D4B /* NOTES-UI Application in Resources */,
				22CD0C7B1AC5E4F60071768B /* Images.xcassets in Resources */,
			);
			runOnlyForDeploymentPostprocessing = 0;
		};
		22CD0C811AC5E4F60071768B /* Resources */ = {
			isa = PBXResourcesBuildPhase;
			buildActionMask = 2147483647;
			files = (
			);
			runOnlyForDeploymentPostprocessing = 0;
		};
/* End PBXResourcesBuildPhase section */

/* Begin PBXSourcesBuildPhase section */
		22CD0C661AC5E4F60071768B /* Sources */ = {
			isa = PBXSourcesBuildPhase;
			buildActionMask = 2147483647;
			files = (
				22CD0C761AC5E4F60071768B /* ViewController.m in Sources */,
				22CD0C731AC5E4F60071768B /* AppDelegate.m in Sources */,
				22CD0C951AC5E6400071768B /* BLCWebBrowserViewController.m in Sources */,
				22CD0C701AC5E4F60071768B /* main.m in Sources */,
			);
			runOnlyForDeploymentPostprocessing = 0;
		};
		22CD0C7F1AC5E4F60071768B /* Sources */ = {
			isa = PBXSourcesBuildPhase;
			buildActionMask = 2147483647;
			files = (
				22CD0C8A1AC5E4F60071768B /* BlocBrowserTests.m in Sources */,
			);
			runOnlyForDeploymentPostprocessing = 0;
		};
/* End PBXSourcesBuildPhase section */

/* Begin PBXTargetDependency section */
		22CD0C851AC5E4F60071768B /* PBXTargetDependency */ = {
			isa = PBXTargetDependency;
			target = 22CD0C691AC5E4F60071768B /* BlocBrowser */;
			targetProxy = 22CD0C841AC5E4F60071768B /* PBXContainerItemProxy */;
		};
/* End PBXTargetDependency section */

/* Begin XCBuildConfiguration section */
		22CD0C8B1AC5E4F60071768B /* Debug */ = {
			isa = XCBuildConfiguration;
			buildSettings = {
				ALWAYS_SEARCH_USER_PATHS = NO;
				CLANG_CXX_LANGUAGE_STANDARD = "gnu++0x";
				CLANG_CXX_LIBRARY = "libc++";
				CLANG_ENABLE_MODULES = YES;
				CLANG_ENABLE_OBJC_ARC = YES;
				CLANG_WARN_BOOL_CONVERSION = YES;
				CLANG_WARN_CONSTANT_CONVERSION = YES;
				CLANG_WARN_DIRECT_OBJC_ISA_USAGE = YES_ERROR;
				CLANG_WARN_EMPTY_BODY = YES;
				CLANG_WARN_ENUM_CONVERSION = YES;
				CLANG_WARN_INT_CONVERSION = YES;
				CLANG_WARN_OBJC_ROOT_CLASS = YES_ERROR;
				CLANG_WARN_UNREACHABLE_CODE = YES;
				CLANG_WARN__DUPLICATE_METHOD_MATCH = YES;
				"CODE_SIGN_IDENTITY[sdk=iphoneos*]" = "iPhone Developer";
				COPY_PHASE_STRIP = NO;
				ENABLE_STRICT_OBJC_MSGSEND = YES;
				GCC_C_LANGUAGE_STANDARD = gnu99;
				GCC_DYNAMIC_NO_PIC = NO;
				GCC_OPTIMIZATION_LEVEL = 0;
				GCC_PREPROCESSOR_DEFINITIONS = (
					"DEBUG=1",
					"$(inherited)",
				);
				GCC_SYMBOLS_PRIVATE_EXTERN = NO;
				GCC_WARN_64_TO_32_BIT_CONVERSION = YES;
				GCC_WARN_ABOUT_RETURN_TYPE = YES_ERROR;
				GCC_WARN_UNDECLARED_SELECTOR = YES;
				GCC_WARN_UNINITIALIZED_AUTOS = YES_AGGRESSIVE;
				GCC_WARN_UNUSED_FUNCTION = YES;
				GCC_WARN_UNUSED_VARIABLE = YES;
				IPHONEOS_DEPLOYMENT_TARGET = 8.2;
				MTL_ENABLE_DEBUG_INFO = YES;
				ONLY_ACTIVE_ARCH = YES;
				SDKROOT = iphoneos;
			};
			name = Debug;
		};
		22CD0C8C1AC5E4F60071768B /* Release */ = {
			isa = XCBuildConfiguration;
			buildSettings = {
				ALWAYS_SEARCH_USER_PATHS = NO;
				CLANG_CXX_LANGUAGE_STANDARD = "gnu++0x";
				CLANG_CXX_LIBRARY = "libc++";
				CLANG_ENABLE_MODULES = YES;
				CLANG_ENABLE_OBJC_ARC = YES;
				CLANG_WARN_BOOL_CONVERSION = YES;
				CLANG_WARN_CONSTANT_CONVERSION = YES;
				CLANG_WARN_DIRECT_OBJC_ISA_USAGE = YES_ERROR;
				CLANG_WARN_EMPTY_BODY = YES;
				CLANG_WARN_ENUM_CONVERSION = YES;
				CLANG_WARN_INT_CONVERSION = YES;
				CLANG_WARN_OBJC_ROOT_CLASS = YES_ERROR;
				CLANG_WARN_UNREACHABLE_CODE = YES;
				CLANG_WARN__DUPLICATE_METHOD_MATCH = YES;
				"CODE_SIGN_IDENTITY[sdk=iphoneos*]" = "iPhone Developer";
				COPY_PHASE_STRIP = NO;
				ENABLE_NS_ASSERTIONS = NO;
				ENABLE_STRICT_OBJC_MSGSEND = YES;
				GCC_C_LANGUAGE_STANDARD = gnu99;
				GCC_WARN_64_TO_32_BIT_CONVERSION = YES;
				GCC_WARN_ABOUT_RETURN_TYPE = YES_ERROR;
				GCC_WARN_UNDECLARED_SELECTOR = YES;
				GCC_WARN_UNINITIALIZED_AUTOS = YES_AGGRESSIVE;
				GCC_WARN_UNUSED_FUNCTION = YES;
				GCC_WARN_UNUSED_VARIABLE = YES;
				IPHONEOS_DEPLOYMENT_TARGET = 8.2;
				MTL_ENABLE_DEBUG_INFO = NO;
				SDKROOT = iphoneos;
				VALIDATE_PRODUCT = YES;
			};
			name = Release;
		};
		22CD0C8E1AC5E4F60071768B /* Debug */ = {
			isa = XCBuildConfiguration;
			buildSettings = {
				ASSETCATALOG_COMPILER_APPICON_NAME = AppIcon;
				INFOPLIST_FILE = BlocBrowser/Info.plist;
				LD_RUNPATH_SEARCH_PATHS = "$(inherited) @executable_path/Frameworks";
				PRODUCT_NAME = "$(TARGET_NAME)";
			};
			name = Debug;
		};
		22CD0C8F1AC5E4F60071768B /* Release */ = {
			isa = XCBuildConfiguration;
			buildSettings = {
				ASSETCATALOG_COMPILER_APPICON_NAME = AppIcon;
				INFOPLIST_FILE = BlocBrowser/Info.plist;
				LD_RUNPATH_SEARCH_PATHS = "$(inherited) @executable_path/Frameworks";
				PRODUCT_NAME = "$(TARGET_NAME)";
			};
			name = Release;
		};
		22CD0C911AC5E4F60071768B /* Debug */ = {
			isa = XCBuildConfiguration;
			buildSettings = {
				BUNDLE_LOADER = "$(TEST_HOST)";
				FRAMEWORK_SEARCH_PATHS = (
					"$(SDKROOT)/Developer/Library/Frameworks",
					"$(inherited)",
				);
				GCC_PREPROCESSOR_DEFINITIONS = (
					"DEBUG=1",
					"$(inherited)",
				);
				INFOPLIST_FILE = BlocBrowserTests/Info.plist;
				LD_RUNPATH_SEARCH_PATHS = "$(inherited) @executable_path/Frameworks @loader_path/Frameworks";
				PRODUCT_NAME = "$(TARGET_NAME)";
				TEST_HOST = "$(BUILT_PRODUCTS_DIR)/BlocBrowser.app/BlocBrowser";
			};
			name = Debug;
		};
		22CD0C921AC5E4F60071768B /* Release */ = {
			isa = XCBuildConfiguration;
			buildSettings = {
				BUNDLE_LOADER = "$(TEST_HOST)";
				FRAMEWORK_SEARCH_PATHS = (
					"$(SDKROOT)/Developer/Library/Frameworks",
					"$(inherited)",
				);
				INFOPLIST_FILE = BlocBrowserTests/Info.plist;
				LD_RUNPATH_SEARCH_PATHS = "$(inherited) @executable_path/Frameworks @loader_path/Frameworks";
				PRODUCT_NAME = "$(TARGET_NAME)";
				TEST_HOST = "$(BUILT_PRODUCTS_DIR)/BlocBrowser.app/BlocBrowser";
			};
			name = Release;
		};
/* End XCBuildConfiguration section */

/* Begin XCConfigurationList section */
		22CD0C651AC5E4F60071768B /* Build configuration list for PBXProject "BlocBrowser" */ = {
			isa = XCConfigurationList;
			buildConfigurations = (
				22CD0C8B1AC5E4F60071768B /* Debug */,
				22CD0C8C1AC5E4F60071768B /* Release */,
			);
			defaultConfigurationIsVisible = 0;
			defaultConfigurationName = Release;
		};
		22CD0C8D1AC5E4F60071768B /* Build configuration list for PBXNativeTarget "BlocBrowser" */ = {
			isa = XCConfigurationList;
			buildConfigurations = (
				22CD0C8E1AC5E4F60071768B /* Debug */,
				22CD0C8F1AC5E4F60071768B /* Release */,
			);
			defaultConfigurationIsVisible = 0;
			defaultConfigurationName = Release;
		};
		22CD0C901AC5E4F60071768B /* Build configuration list for PBXNativeTarget "BlocBrowserTests" */ = {
			isa = XCConfigurationList;
			buildConfigurations = (
				22CD0C911AC5E4F60071768B /* Debug */,
				22CD0C921AC5E4F60071768B /* Release */,
			);
			defaultConfigurationIsVisible = 0;
			defaultConfigurationName = Release;
		};
/* End XCConfigurationList section */
	};
	rootObject = 22CD0C621AC5E4F60071768B /* Project object */;
}
